
Microsoft Visual Studio Solution File, Format Version 12.00
# Visual Studio Version 17
VisualStudioVersion = 17.0.31903.59
MinimumVisualStudioVersion = 10.0.40219.1
Project("{FAE04EC0-301F-11D3-BF4B-00C04F79EFBC}") = "Piratas.Protocolo", "Piratas.Protocolo\Piratas.Protocolo.csproj", "{44C26A61-DB9D-4421-9756-FB5CC976D9BD}"
EndProject
Project("{FAE04EC0-301F-11D3-BF4B-00C04F79EFBC}") = "Piratas.Servidor.Aplicacao", "Piratas.Servidor.Aplicacao\Piratas.Servidor.Aplicacao.csproj", "{5B9B922E-E89A-4910-B148-0FD30F942CF9}"
EndProject
Project("{FAE04EC0-301F-11D3-BF4B-00C04F79EFBC}") = "Piratas.Servidor.Dominio", "Piratas.Servidor.Dominio\Piratas.Servidor.Dominio.csproj", "{CD46DBA6-A655-49B0-BC2D-1FF244F60BF9}"
EndProject
Project("{FAE04EC0-301F-11D3-BF4B-00C04F79EFBC}") = "Piratas.Servidor.Servico", "Piratas.Servidor.Servico\Piratas.Servidor.Servico.csproj", "{8988B7BD-8C8A-48C7-B37A-1FB2126D5169}"
EndProject
Project("{FAE04EC0-301F-11D3-BF4B-00C04F79EFBC}") = "Piratas.Servidor.Testes", "..\Testes\Piratas.Servidor.Testes.csproj", "{233B2E58-9862-4407-A267-CCCB1C42F6A0}"
EndProject
Project("{FAE04EC0-301F-11D3-BF4B-00C04F79EFBC}") = "Piratas.Cliente", "..\Cliente\Piratas.Cliente.csproj", "{8D67A8F7-E59E-4D06-88C8-24CD256CA9A3}"
EndProject
Global
	GlobalSection(SolutionConfigurationPlatforms) = preSolution
		Debug|Any CPU = Debug|Any CPU
		Release|Any CPU = Release|Any CPU
	EndGlobalSection
	GlobalSection(SolutionProperties) = preSolution
		HideSolutionNode = FALSE
	EndGlobalSection
	GlobalSection(ProjectConfigurationPlatforms) = postSolution
		{44C26A61-DB9D-4421-9756-FB5CC976D9BD}.Debug|Any CPU.ActiveCfg = Debug|Any CPU
		{44C26A61-DB9D-4421-9756-FB5CC976D9BD}.Debug|Any CPU.Build.0 = Debug|Any CPU
		{44C26A61-DB9D-4421-9756-FB5CC976D9BD}.Release|Any CPU.ActiveCfg = Release|Any CPU
		{44C26A61-DB9D-4421-9756-FB5CC976D9BD}.Release|Any CPU.Build.0 = Release|Any CPU
		{5B9B922E-E89A-4910-B148-0FD30F942CF9}.Debug|Any CPU.ActiveCfg = Debug|Any CPU
		{5B9B922E-E89A-4910-B148-0FD30F942CF9}.Debug|Any CPU.Build.0 = Debug|Any CPU
		{5B9B922E-E89A-4910-B148-0FD30F942CF9}.Release|Any CPU.ActiveCfg = Release|Any CPU
		{5B9B922E-E89A-4910-B148-0FD30F942CF9}.Release|Any CPU.Build.0 = Release|Any CPU
		{CD46DBA6-A655-49B0-BC2D-1FF244F60BF9}.Debug|Any CPU.ActiveCfg = Debug|Any CPU
		{CD46DBA6-A655-49B0-BC2D-1FF244F60BF9}.Debug|Any CPU.Build.0 = Debug|Any CPU
		{CD46DBA6-A655-49B0-BC2D-1FF244F60BF9}.Release|Any CPU.ActiveCfg = Release|Any CPU
		{CD46DBA6-A655-49B0-BC2D-1FF244F60BF9}.Release|Any CPU.Build.0 = Release|Any CPU
		{8988B7BD-8C8A-48C7-B37A-1FB2126D5169}.Debug|Any CPU.ActiveCfg = Debug|Any CPU
		{8988B7BD-8C8A-48C7-B37A-1FB2126D5169}.Debug|Any CPU.Build.0 = Debug|Any CPU
		{8988B7BD-8C8A-48C7-B37A-1FB2126D5169}.Release|Any CPU.ActiveCfg = Release|Any CPU
		{8988B7BD-8C8A-48C7-B37A-1FB2126D5169}.Release|Any CPU.Build.0 = Release|Any CPU
		{233B2E58-9862-4407-A267-CCCB1C42F6A0}.Debug|Any CPU.ActiveCfg = Debug|Any CPU
		{233B2E58-9862-4407-A267-CCCB1C42F6A0}.Debug|Any CPU.Build.0 = Debug|Any CPU
		{233B2E58-9862-4407-A267-CCCB1C42F6A0}.Release|Any CPU.ActiveCfg = Release|Any CPU
		{233B2E58-9862-4407-A267-CCCB1C42F6A0}.Release|Any CPU.Build.0 = Release|Any CPU
		{8D67A8F7-E59E-4D06-88C8-24CD256CA9A3}.Debug|Any CPU.ActiveCfg = Debug|Any CPU
		{8D67A8F7-E59E-4D06-88C8-24CD256CA9A3}.Debug|Any CPU.Build.0 = Debug|Any CPU
		{8D67A8F7-E59E-4D06-88C8-24CD256CA9A3}.Release|Any CPU.ActiveCfg = Release|Any CPU
		{8D67A8F7-E59E-4D06-88C8-24CD256CA9A3}.Release|Any CPU.Build.0 = Release|Any CPU
	EndGlobalSection
EndGlobal
